
Microsoft Visual Studio Solution File, Format Version 12.00
# Visual Studio Version 17
VisualStudioVersion = 17.0.32014.148
MinimumVisualStudioVersion = 10.0.40219.1
Project("{FAE04EC0-301F-11D3-BF4B-00C04F79EFBC}") = "dempapp", "dempapp\dempapp.csproj", "{528AF6C7-8EF1-487C-9761-17386F2EC4F9}"
EndProject
Global
	GlobalSection(SolutionConfigurationPlatforms) = preSolution
		Debug|Any CPU = Debug|Any CPU
		Release|Any CPU = Release|Any CPU
	EndGlobalSection
	GlobalSection(ProjectConfigurationPlatforms) = postSolution
		{528AF6C7-8EF1-487C-9761-17386F2EC4F9}.Debug|Any CPU.ActiveCfg = Debug|Any CPU
		{528AF6C7-8EF1-487C-9761-17386F2EC4F9}.Debug|Any CPU.Build.0 = Debug|Any CPU
		{528AF6C7-8EF1-487C-9761-17386F2EC4F9}.Release|Any CPU.ActiveCfg = Release|Any CPU
		{528AF6C7-8EF1-487C-9761-17386F2EC4F9}.Release|Any CPU.Build.0 = Release|Any CPU
	EndGlobalSection
	GlobalSection(SolutionProperties) = preSolution
		HideSolutionNode = FALSE
	EndGlobalSection
	GlobalSection(ExtensibilityGlobals) = postSolution
		SolutionGuid = {305FD1E5-A59A-4B6A-890F-94E725CC9F06}
	EndGlobalSection
EndGlobal
